{
  "name": "ZETAPLANTILLA",
  "version": "1.0.0",
  "lockfileVersion": 3,
  "requires": true,
  "packages": {
    "": {
      "name": "ZETAPLANTILLA",
      "version": "1.0.0",
      "license": "MIT",
      "dependencies": {
        "chart.js": "^4.3.0",
        "foundation-sites": "^6.8.1",
        "fullcalendar": "^6.1.15"
      }
    },
    "node_modules/@fullcalendar/core": {
      "version": "6.1.15",
      "resolved": "https://registry.npmjs.org/@fullcalendar/core/-/core-6.1.15.tgz",
      "integrity": "sha512-BuX7o6ALpLb84cMw1FCB9/cSgF4JbVO894cjJZ6kP74jzbUZNjtwffwRdA+Id8rrLjT30d/7TrkW90k4zbXB5Q==",
      "license": "MIT",
      "dependencies": {
        "preact": "~10.12.1"
      }
    },
    "node_modules/@fullcalendar/daygrid": {
      "version": "6.1.15",
      "resolved": "https://registry.npmjs.org/@fullcalendar/daygrid/-/daygrid-6.1.15.tgz",
      "integrity": "sha512-j8tL0HhfiVsdtOCLfzK2J0RtSkiad3BYYemwQKq512cx6btz6ZZ2RNc/hVnIxluuWFyvx5sXZwoeTJsFSFTEFA==",
      "license": "MIT",
      "peerDependencies": {
        "@fullcalendar/core": "~6.1.15"
      }
    },
    "node_modules/@fullcalendar/interaction": {
      "version": "6.1.15",
      "resolved": "https://registry.npmjs.org/@fullcalendar/interaction/-/interaction-6.1.15.tgz",
      "integrity": "sha512-DOTSkofizM7QItjgu7W68TvKKvN9PSEEvDJceyMbQDvlXHa7pm/WAVtAc6xSDZ9xmB1QramYoWGLHkCYbTW1rQ==",
      "license": "MIT",
      "peerDependencies": {
        "@fullcalendar/core": "~6.1.15"
      }
    },
    "node_modules/@fullcalendar/list": {
      "version": "6.1.15",
      "resolved": "https://registry.npmjs.org/@fullcalendar/list/-/list-6.1.15.tgz",
      "integrity": "sha512-U1bce04tYDwkFnuVImJSy2XalYIIQr6YusOWRPM/5ivHcJh67Gm8CIMSWpi3KdRSNKFkqBxLPkfZGBMaOcJYug==",
      "license": "MIT",
      "peerDependencies": {
        "@fullcalendar/core": "~6.1.15"
      }
    },
    "node_modules/@fullcalendar/multimonth": {
      "version": "6.1.15",
      "resolved": "https://registry.npmjs.org/@fullcalendar/multimonth/-/multimonth-6.1.15.tgz",
      "integrity": "sha512-sEZY6jbOYkeF9TwhUldG+UUVv+hiPlGkS8zZEgPR7ypcjhipyA03c5rPjx7N6huOHqh6lCMH59zlohLooQRlaw==",
      "license": "MIT",
      "dependencies": {
        "@fullcalendar/daygrid": "~6.1.15"
      },
      "peerDependencies": {
        "@fullcalendar/core": "~6.1.15"
      }
    },
    "node_modules/@fullcalendar/timegrid": {
      "version": "6.1.15",
      "resolved": "https://registry.npmjs.org/@fullcalendar/timegrid/-/timegrid-6.1.15.tgz",
      "integrity": "sha512-61ORr3A148RtxQ2FNG7JKvacyA/TEVZ7z6I+3E9Oeu3dqTf6M928bFcpehRTIK6zIA6Yifs7BeWHgOE9dFnpbw==",
      "license": "MIT",
      "dependencies": {
        "@fullcalendar/daygrid": "~6.1.15"
      },
      "peerDependencies": {
        "@fullcalendar/core": "~6.1.15"
      }
    },
    "node_modules/@kurkle/color": {
      "version": "0.3.2",
      "resolved": "https://registry.npmjs.org/@kurkle/color/-/color-0.3.2.tgz",
      "integrity": "sha512-fuscdXJ9G1qb7W8VdHi+IwRqij3lBkosAm4ydQtEmbY58OzHXqQhvlxqEkoz0yssNVn38bcpRWgA9PP+OGoisw=="
    },
    "node_modules/chart.js": {
      "version": "4.3.0",
      "resolved": "https://registry.npmjs.org/chart.js/-/chart.js-4.3.0.tgz",
      "integrity": "sha512-ynG0E79xGfMaV2xAHdbhwiPLczxnNNnasrmPEXriXsPJGjmhOBYzFVEsB65w2qMDz+CaBJJuJD0inE/ab/h36g==",
      "dependencies": {
        "@kurkle/color": "^0.3.0"
      },
      "engines": {
        "pnpm": ">=7"
      }
    },
    "node_modules/foundation-sites": {
      "version": "6.8.1",
      "resolved": "https://registry.npmjs.org/foundation-sites/-/foundation-sites-6.8.1.tgz",
      "integrity": "sha512-9JAuLqVgzf7EIRUqVKeYN68dU/SGe0aNJPgnejdfJKSWnBFdQLF3Zvy9WEQ1gE/gnyvwG3Ia3LkkEd9774n0bQ==",
      "engines": {
        "node": ">=16.0"
      },
      "peerDependencies": {
        "jquery": ">=3.6.0",
        "motion-ui": "latest",
        "what-input": ">=5.2.10"
      }
    },
    "node_modules/fullcalendar": {
      "version": "6.1.15",
      "resolved": "https://registry.npmjs.org/fullcalendar/-/fullcalendar-6.1.15.tgz",
      "integrity": "sha512-CFnh1yswjRh9puJVDk8VGwTlyZ6eXxr4qLI7QCA0+bozyAm+BluP1US5mOtgk0gEq23nQxGSNDoBvAraz++saQ==",
      "license": "MIT",
      "dependencies": {
        "@fullcalendar/core": "~6.1.15",
        "@fullcalendar/daygrid": "~6.1.15",
        "@fullcalendar/interaction": "~6.1.15",
        "@fullcalendar/list": "~6.1.15",
        "@fullcalendar/multimonth": "~6.1.15",
        "@fullcalendar/timegrid": "~6.1.15"
      }
    },
    "node_modules/jquery": {
      "version": "3.7.0",
      "resolved": "https://registry.npmjs.org/jquery/-/jquery-3.7.0.tgz",
      "integrity": "sha512-umpJ0/k8X0MvD1ds0P9SfowREz2LenHsQaxSohMZ5OMNEU2r0tf8pdeEFTHMFxWVxKNyU9rTtK3CWzUCTKJUeQ==",
      "peer": true
    },
    "node_modules/motion-ui": {
      "version": "2.0.4",
      "resolved": "https://registry.npmjs.org/motion-ui/-/motion-ui-2.0.4.tgz",
      "integrity": "sha512-7GjtcXXqRHUQGH9Gm8KLbvx9sz5tNGlftsaJ/J5d4q33PzfgKnUm+OynDji4VR3fiZXPT3nMkzBQlZsifYTIOg==",
      "peer": true,
      "peerDependencies": {
        "jquery": ">=2.2.0"
      }
    },
    "node_modules/preact": {
      "version": "10.12.1",
      "resolved": "https://registry.npmjs.org/preact/-/preact-10.12.1.tgz",
      "integrity": "sha512-l8386ixSsBdbreOAkqtrwqHwdvR35ID8c3rKPa8lCWuO86dBi32QWHV4vfsZK1utLLFMvw+Z5Ad4XLkZzchscg==",
      "license": "MIT",
      "funding": {
        "type": "opencollective",
        "url": "https://opencollective.com/preact"
      }
    },
    "node_modules/what-input": {
      "version": "5.2.12",
      "resolved": "https://registry.npmjs.org/what-input/-/what-input-5.2.12.tgz",
      "integrity": "sha512-3yrSa7nGSXGJS6wZeSkO6VNm95pB1mZ9i3wFzC1hhY7mn4/afue/MvXz04OXNdBC8bfo4AB4RRd3Dem9jXM58Q==",
      "peer": true
    }
  }
}
